{
    "version": 3,
    "terraform_version": "0.11.7",
    "serial": 24,
    "lineage": "fe646a34-82e3-af16-cd82-6cd2f9efc319",
    "modules": [
        {
            "path": [
                "root"
            ],
            "outputs": {
                "public_ip4": {
                    "sensitive": false,
                    "type": "list",
                    "value": [
                        "116.203.49.67",
                        "116.203.58.163"
                    ]
                }
            },
            "resources": {
                "hcloud_server.kube.0": {
                    "type": "hcloud_server",
                    "depends_on": [],
                    "primary": {
                        "id": "1757346",
                        "attributes": {
                            "backup_window": "",
                            "backups": "false",
                            "datacenter": "nbg1-dc3",
                            "id": "1757346",
                            "image": "ubuntu-16.04",
                            "ipv4_address": "116.203.49.67",
                            "ipv6_address": "2a01:4f8:1c1c:babc::",
                            "ipv6_network": "2a01:4f8:1c1c:babc::/64",
                            "keep_disk": "false",
                            "labels.%": "0",
                            "location": "nbg1",
                            "name": "kube-0",
                            "server_type": "cx11",
                            "ssh_keys.#": "1",
                            "ssh_keys.0": "vporokhov@MacBook-Pro-4.local",
                            "status": "running"
                        },
                        "meta": {},
                        "tainted": false
                    },
                    "deposed": [],
                    "provider": "provider.hcloud"
                },
                "hcloud_server.kube.1": {
                    "type": "hcloud_server",
                    "depends_on": [],
                    "primary": {
                        "id": "1757345",
                        "attributes": {
                            "backup_window": "",
                            "backups": "false",
                            "datacenter": "nbg1-dc3",
                            "id": "1757345",
                            "image": "ubuntu-16.04",
                            "ipv4_address": "116.203.58.163",
                            "ipv6_address": "2a01:4f8:1c1c:44e5::",
                            "ipv6_network": "2a01:4f8:1c1c:44e5::/64",
                            "keep_disk": "false",
                            "labels.%": "0",
                            "location": "nbg1",
                            "name": "kube-1",
                            "server_type": "cx11",
                            "ssh_keys.#": "1",
                            "ssh_keys.0": "vporokhov@MacBook-Pro-4.local",
                            "status": "running"
                        },
                        "meta": {},
                        "tainted": false
                    },
                    "deposed": [],
                    "provider": "provider.hcloud"
                }
            },
            "depends_on": []
        }
    ]
}
